// !$*UTF8*$!
{
	archiveVersion = 1;
	classes = {
	};
	objectVersion = 50;
	objects = {

/* Begin PBXBuildFile section */
		4BDB5A90A5CB1416AD919290 /* Pods_FaceAuth.framework in Frameworks */ = {isa = PBXBuildFile; fileRef = 869CFD91391D3371909E1688 /* Pods_FaceAuth.framework */; };
		C11D71A421EBA531002A8B24 /* Alamofire.framework in Frameworks */ = {isa = PBXBuildFile; fileRef = C11D71A321EBA531002A8B24 /* Alamofire.framework */; };
		C11D71A621EBAC02002A8B24 /* SwiftyJSON.framework in Frameworks */ = {isa = PBXBuildFile; fileRef = C11D71A521EBAC02002A8B24 /* SwiftyJSON.framework */; };
		C11D71A821EBAF92002A8B24 /* FaceRecognitionServer.swift in Sources */ = {isa = PBXBuildFile; fileRef = C11D71A721EBAF92002A8B24 /* FaceRecognitionServer.swift */; };
		C11D71AA21EBD7EC002A8B24 /* Assets.xcassets in Resources */ = {isa = PBXBuildFile; fileRef = C11D71A921EBD7EC002A8B24 /* Assets.xcassets */; };
		C13AD77321ECBA7C00583659 /* PhotoHandler.swift in Sources */ = {isa = PBXBuildFile; fileRef = C13AD77221ECBA7C00583659 /* PhotoHandler.swift */; };
		C13AD77521ECC63A00583659 /* PredictionViewController.swift in Sources */ = {isa = PBXBuildFile; fileRef = C13AD77421ECC63A00583659 /* PredictionViewController.swift */; };
		C1FCCC8A21EBA43B0041A797 /* AppDelegate.swift in Sources */ = {isa = PBXBuildFile; fileRef = C1FCCC8921EBA43B0041A797 /* AppDelegate.swift */; };
		C1FCCC8C21EBA43B0041A797 /* ViewController.swift in Sources */ = {isa = PBXBuildFile; fileRef = C1FCCC8B21EBA43B0041A797 /* ViewController.swift */; };
		C1FCCC8F21EBA43B0041A797 /* Main.storyboard in Resources */ = {isa = PBXBuildFile; fileRef = C1FCCC8D21EBA43B0041A797 /* Main.storyboard */; };
		C1FCCC9421EBA43D0041A797 /* LaunchScreen.storyboard in Resources */ = {isa = PBXBuildFile; fileRef = C1FCCC9221EBA43D0041A797 /* LaunchScreen.storyboard */; };
/* End PBXBuildFile section */

/* Begin PBXFileReference section */
		869CFD91391D3371909E1688 /* Pods_FaceAuth.framework */ = {isa = PBXFileReference; explicitFileType = wrapper.framework; includeInIndex = 0; path = Pods_FaceAuth.framework; sourceTree = BUILT_PRODUCTS_DIR; };
		8B031E6F34A85654D5423C5C /* Pods-FaceAuth.release.xcconfig */ = {isa = PBXFileReference; includeInIndex = 1; lastKnownFileType = text.xcconfig; name = "Pods-FaceAuth.release.xcconfig"; path = "Pods/Target Support Files/Pods-FaceAuth/Pods-FaceAuth.release.xcconfig"; sourceTree = "<group>"; };
		C11D71A321EBA531002A8B24 /* Alamofire.framework */ = {isa = PBXFileReference; explicitFileType = wrapper.framework; path = Alamofire.framework; sourceTree = BUILT_PRODUCTS_DIR; };
		C11D71A521EBAC02002A8B24 /* SwiftyJSON.framework */ = {isa = PBXFileReference; explicitFileType = wrapper.framework; path = SwiftyJSON.framework; sourceTree = BUILT_PRODUCTS_DIR; };
		C11D71A721EBAF92002A8B24 /* FaceRecognitionServer.swift */ = {isa = PBXFileReference; lastKnownFileType = sourcecode.swift; path = FaceRecognitionServer.swift; sourceTree = "<group>"; };
		C11D71A921EBD7EC002A8B24 /* Assets.xcassets */ = {isa = PBXFileReference; lastKnownFileType = folder.assetcatalog; path = Assets.xcassets; sourceTree = "<group>"; };
		C13AD77221ECBA7C00583659 /* PhotoHandler.swift */ = {isa = PBXFileReference; lastKnownFileType = sourcecode.swift; path = PhotoHandler.swift; sourceTree = "<group>"; };
		C13AD77421ECC63A00583659 /* PredictionViewController.swift */ = {isa = PBXFileReference; lastKnownFileType = sourcecode.swift; path = PredictionViewController.swift; sourceTree = "<group>"; };
		C1FCCC8621EBA43B0041A797 /* FaceAuth.app */ = {isa = PBXFileReference; explicitFileType = wrapper.application; includeInIndex = 0; path = FaceAuth.app; sourceTree = BUILT_PRODUCTS_DIR; };
		C1FCCC8921EBA43B0041A797 /* AppDelegate.swift */ = {isa = PBXFileReference; lastKnownFileType = sourcecode.swift; path = AppDelegate.swift; sourceTree = "<group>"; };
		C1FCCC8B21EBA43B0041A797 /* ViewController.swift */ = {isa = PBXFileReference; lastKnownFileType = sourcecode.swift; path = ViewController.swift; sourceTree = "<group>"; };
		C1FCCC8E21EBA43B0041A797 /* Base */ = {isa = PBXFileReference; lastKnownFileType = file.storyboard; name = Base; path = Base.lproj/Main.storyboard; sourceTree = "<group>"; };
		C1FCCC9321EBA43D0041A797 /* Base */ = {isa = PBXFileReference; lastKnownFileType = file.storyboard; name = Base; path = Base.lproj/LaunchScreen.storyboard; sourceTree = "<group>"; };
		C1FCCC9521EBA43D0041A797 /* Info.plist */ = {isa = PBXFileReference; lastKnownFileType = text.plist.xml; path = Info.plist; sourceTree = "<group>"; };
		CA8F8A540904FDDE8B3D0A2C /* Pods-FaceAuth.debug.xcconfig */ = {isa = PBXFileReference; includeInIndex = 1; lastKnownFileType = text.xcconfig; name = "Pods-FaceAuth.debug.xcconfig"; path = "Pods/Target Support Files/Pods-FaceAuth/Pods-FaceAuth.debug.xcconfig"; sourceTree = "<group>"; };
/* End PBXFileReference section */

/* Begin PBXFrameworksBuildPhase section */
		C1FCCC8321EBA43B0041A797 /* Frameworks */ = {
			isa = PBXFrameworksBuildPhase;
			buildActionMask = 2147483647;
			files = (
				C11D71A621EBAC02002A8B24 /* SwiftyJSON.framework in Frameworks */,
				C11D71A421EBA531002A8B24 /* Alamofire.framework in Frameworks */,
				4BDB5A90A5CB1416AD919290 /* Pods_FaceAuth.framework in Frameworks */,
			);
			runOnlyForDeploymentPostprocessing = 0;
		};
/* End PBXFrameworksBuildPhase section */

/* Begin PBXGroup section */
		54CAA0FAF4947831BA2F1E6D /* Pods */ = {
			isa = PBXGroup;
			children = (
				CA8F8A540904FDDE8B3D0A2C /* Pods-FaceAuth.debug.xcconfig */,
				8B031E6F34A85654D5423C5C /* Pods-FaceAuth.release.xcconfig */,
			);
			name = Pods;
			sourceTree = "<group>";
		};
		8C29ED6D2435CF2113CD4E04 /* Frameworks */ = {
			isa = PBXGroup;
			children = (
				C11D71A521EBAC02002A8B24 /* SwiftyJSON.framework */,
				C11D71A321EBA531002A8B24 /* Alamofire.framework */,
				869CFD91391D3371909E1688 /* Pods_FaceAuth.framework */,
			);
			name = Frameworks;
			sourceTree = "<group>";
		};
		C120C4AF21ECED3F0064012B /* Models */ = {
			isa = PBXGroup;
			children = (
				C13AD77221ECBA7C00583659 /* PhotoHandler.swift */,
				C11D71A721EBAF92002A8B24 /* FaceRecognitionServer.swift */,
			);
			path = Models;
			sourceTree = "<group>";
		};
		C120C4B021ECED590064012B /* ViewControllers */ = {
			isa = PBXGroup;
			children = (
				C1FCCC8B21EBA43B0041A797 /* ViewController.swift */,
				C13AD77421ECC63A00583659 /* PredictionViewController.swift */,
			);
			path = ViewControllers;
			sourceTree = "<group>";
		};
		C1FCCC7D21EBA43B0041A797 = {
			isa = PBXGroup;
			children = (
				C1FCCC8821EBA43B0041A797 /* FaceAuth */,
				C1FCCC8721EBA43B0041A797 /* Products */,
				54CAA0FAF4947831BA2F1E6D /* Pods */,
				8C29ED6D2435CF2113CD4E04 /* Frameworks */,
			);
			sourceTree = "<group>";
		};
		C1FCCC8721EBA43B0041A797 /* Products */ = {
			isa = PBXGroup;
			children = (
				C1FCCC8621EBA43B0041A797 /* FaceAuth.app */,
			);
			name = Products;
			sourceTree = "<group>";
		};
		C1FCCC8821EBA43B0041A797 /* FaceAuth */ = {
			isa = PBXGroup;
			children = (
				C120C4B021ECED590064012B /* ViewControllers */,
				C120C4AF21ECED3F0064012B /* Models */,
				C1FCCC8921EBA43B0041A797 /* AppDelegate.swift */,
				C1FCCC8D21EBA43B0041A797 /* Main.storyboard */,
				C1FCCC9221EBA43D0041A797 /* LaunchScreen.storyboard */,
				C11D71A921EBD7EC002A8B24 /* Assets.xcassets */,
				C1FCCC9521EBA43D0041A797 /* Info.plist */,
			);
			path = FaceAuth;
			sourceTree = "<group>";
		};
/* End PBXGroup section */

/* Begin PBXNativeTarget section */
		C1FCCC8521EBA43B0041A797 /* FaceAuth */ = {
			isa = PBXNativeTarget;
			buildConfigurationList = C1FCCC9821EBA43D0041A797 /* Build configuration list for PBXNativeTarget "FaceAuth" */;
			buildPhases = (
				63BE8852D54A78B245672C9A /* [CP] Check Pods Manifest.lock */,
				C1FCCC8221EBA43B0041A797 /* Sources */,
				C1FCCC8321EBA43B0041A797 /* Frameworks */,
				C1FCCC8421EBA43B0041A797 /* Resources */,
				25C5AA0552C5A3E6DC64093F /* [CP] Embed Pods Frameworks */,
			);
			buildRules = (
			);
			dependencies = (
			);
			name = FaceAuth;
			productName = FaceAuth;
			productReference = C1FCCC8621EBA43B0041A797 /* FaceAuth.app */;
			productType = "com.apple.product-type.application";
		};
/* End PBXNativeTarget section */

/* Begin PBXProject section */
		C1FCCC7E21EBA43B0041A797 /* Project object */ = {
			isa = PBXProject;
			attributes = {
				LastSwiftUpdateCheck = 1010;
				LastUpgradeCheck = 1010;
				ORGANIZATIONNAME = "Yevhenii Orenchuk";
				TargetAttributes = {
					C1FCCC8521EBA43B0041A797 = {
						CreatedOnToolsVersion = 10.1;
					};
				};
			};
			buildConfigurationList = C1FCCC8121EBA43B0041A797 /* Build configuration list for PBXProject "FaceAuth" */;
			compatibilityVersion = "Xcode 9.3";
			developmentRegion = en;
			hasScannedForEncodings = 0;
			knownRegions = (
				en,
				Base,
			);
			mainGroup = C1FCCC7D21EBA43B0041A797;
			productRefGroup = C1FCCC8721EBA43B0041A797 /* Products */;
			projectDirPath = "";
			projectRoot = "";
			targets = (
				C1FCCC8521EBA43B0041A797 /* FaceAuth */,
			);
		};
/* End PBXProject section */

/* Begin PBXResourcesBuildPhase section */
		C1FCCC8421EBA43B0041A797 /* Resources */ = {
			isa = PBXResourcesBuildPhase;
			buildActionMask = 2147483647;
			files = (
				C1FCCC9421EBA43D0041A797 /* LaunchScreen.storyboard in Resources */,
				C11D71AA21EBD7EC002A8B24 /* Assets.xcassets in Resources */,
				C1FCCC8F21EBA43B0041A797 /* Main.storyboard in Resources */,
			);
			runOnlyForDeploymentPostprocessing = 0;
		};
/* End PBXResourcesBuildPhase section */

/* Begin PBXShellScriptBuildPhase section */
		25C5AA0552C5A3E6DC64093F /* [CP] Embed Pods Frameworks */ = {
			isa = PBXShellScriptBuildPhase;
			buildActionMask = 2147483647;
			files = (
			);
			inputPaths = (
				"${SRCROOT}/Pods/Target Support Files/Pods-FaceAuth/Pods-FaceAuth-frameworks.sh",
				"${BUILT_PRODUCTS_DIR}/Alamofire/Alamofire.framework",
				"${BUILT_PRODUCTS_DIR}/SwiftyJSON/SwiftyJSON.framework",
			);
			name = "[CP] Embed Pods Frameworks";
			outputPaths = (
				"${TARGET_BUILD_DIR}/${FRAMEWORKS_FOLDER_PATH}/Alamofire.framework",
				"${TARGET_BUILD_DIR}/${FRAMEWORKS_FOLDER_PATH}/SwiftyJSON.framework",
			);
			runOnlyForDeploymentPostprocessing = 0;
			shellPath = /bin/sh;
			shellScript = "\"${SRCROOT}/Pods/Target Support Files/Pods-FaceAuth/Pods-FaceAuth-frameworks.sh\"\n";
			showEnvVarsInLog = 0;
		};
		63BE8852D54A78B245672C9A /* [CP] Check Pods Manifest.lock */ = {
			isa = PBXShellScriptBuildPhase;
			buildActionMask = 2147483647;
			files = (
			);
			inputPaths = (
				"${PODS_PODFILE_DIR_PATH}/Podfile.lock",
				"${PODS_ROOT}/Manifest.lock",
			);
			name = "[CP] Check Pods Manifest.lock";
			outputPaths = (
				"$(DERIVED_FILE_DIR)/Pods-FaceAuth-checkManifestLockResult.txt",
			);
			runOnlyForDeploymentPostprocessing = 0;
			shellPath = /bin/sh;
			shellScript = "diff \"${PODS_PODFILE_DIR_PATH}/Podfile.lock\" \"${PODS_ROOT}/Manifest.lock\" > /dev/null\nif [ $? != 0 ] ; then\n    # print error to STDERR\n    echo \"error: The sandbox is not in sync with the Podfile.lock. Run 'pod install' or update your CocoaPods installation.\" >&2\n    exit 1\nfi\n# This output is used by Xcode 'outputs' to avoid re-running this script phase.\necho \"SUCCESS\" > \"${SCRIPT_OUTPUT_FILE_0}\"\n";
			showEnvVarsInLog = 0;
		};
/* End PBXShellScriptBuildPhase section */

/* Begin PBXSourcesBuildPhase section */
		C1FCCC8221EBA43B0041A797 /* Sources */ = {
			isa = PBXSourcesBuildPhase;
			buildActionMask = 2147483647;
			files = (
				C1FCCC8C21EBA43B0041A797 /* ViewController.swift in Sources */,
				C13AD77321ECBA7C00583659 /* PhotoHandler.swift in Sources */,
				C13AD77521ECC63A00583659 /* PredictionViewController.swift in Sources */,
				C11D71A821EBAF92002A8B24 /* FaceRecognitionServer.swift in Sources */,
				C1FCCC8A21EBA43B0041A797 /* AppDelegate.swift in Sources */,
			);
			runOnlyForDeploymentPostprocessing = 0;
		};
/* End PBXSourcesBuildPhase section */

/* Begin PBXVariantGroup section */
		C1FCCC8D21EBA43B0041A797 /* Main.storyboard */ = {
			isa = PBXVariantGroup;
			children = (
				C1FCCC8E21EBA43B0041A797 /* Base */,
			);
			name = Main.storyboard;
			sourceTree = "<group>";
		};
		C1FCCC9221EBA43D0041A797 /* LaunchScreen.storyboard */ = {
			isa = PBXVariantGroup;
			children = (
				C1FCCC9321EBA43D0041A797 /* Base */,
			);
			name = LaunchScreen.storyboard;
			sourceTree = "<group>";
		};
/* End PBXVariantGroup section */

/* Begin XCBuildConfiguration section */
		C1FCCC9621EBA43D0041A797 /* Debug */ = {
			isa = XCBuildConfiguration;
			buildSettings = {
				ALWAYS_SEARCH_USER_PATHS = NO;
				CLANG_ANALYZER_NONNULL = YES;
				CLANG_ANALYZER_NUMBER_OBJECT_CONVERSION = YES_AGGRESSIVE;
				CLANG_CXX_LANGUAGE_STANDARD = "gnu++14";
				CLANG_CXX_LIBRARY = "libc++";
				CLANG_ENABLE_MODULES = YES;
				CLANG_ENABLE_OBJC_ARC = YES;
				CLANG_ENABLE_OBJC_WEAK = YES;
				CLANG_WARN_BLOCK_CAPTURE_AUTORELEASING = YES;
				CLANG_WARN_BOOL_CONVERSION = YES;
				CLANG_WARN_COMMA = YES;
				CLANG_WARN_CONSTANT_CONVERSION = YES;
				CLANG_WARN_DEPRECATED_OBJC_IMPLEMENTATIONS = YES;
				CLANG_WARN_DIRECT_OBJC_ISA_USAGE = YES_ERROR;
				CLANG_WARN_DOCUMENTATION_COMMENTS = YES;
				CLANG_WARN_EMPTY_BODY = YES;
				CLANG_WARN_ENUM_CONVERSION = YES;
				CLANG_WARN_INFINITE_RECURSION = YES;
				CLANG_WARN_INT_CONVERSION = YES;
				CLANG_WARN_NON_LITERAL_NULL_CONVERSION = YES;
				CLANG_WARN_OBJC_IMPLICIT_RETAIN_SELF = YES;
				CLANG_WARN_OBJC_LITERAL_CONVERSION = YES;
				CLANG_WARN_OBJC_ROOT_CLASS = YES_ERROR;
				CLANG_WARN_RANGE_LOOP_ANALYSIS = YES;
				CLANG_WARN_STRICT_PROTOTYPES = YES;
				CLANG_WARN_SUSPICIOUS_MOVE = YES;
				CLANG_WARN_UNGUARDED_AVAILABILITY = YES_AGGRESSIVE;
				CLANG_WARN_UNREACHABLE_CODE = YES;
				CLANG_WARN__DUPLICATE_METHOD_MATCH = YES;
				CODE_SIGN_IDENTITY = "iPhone Developer";
				COPY_PHASE_STRIP = NO;
				DEBUG_INFORMATION_FORMAT = dwarf;
				ENABLE_STRICT_OBJC_MSGSEND = YES;
				ENABLE_TESTABILITY = YES;
				GCC_C_LANGUAGE_STANDARD = gnu11;
				GCC_DYNAMIC_NO_PIC = NO;
				GCC_NO_COMMON_BLOCKS = YES;
				GCC_OPTIMIZATION_LEVEL = 0;
				GCC_PREPROCESSOR_DEFINITIONS = (
					"DEBUG=1",
					"$(inherited)",
				);
				GCC_WARN_64_TO_32_BIT_CONVERSION = YES;
				GCC_WARN_ABOUT_RETURN_TYPE = YES_ERROR;
				GCC_WARN_UNDECLARED_SELECTOR = YES;
				GCC_WARN_UNINITIALIZED_AUTOS = YES_AGGRESSIVE;
				GCC_WARN_UNUSED_FUNCTION = YES;
				GCC_WARN_UNUSED_VARIABLE = YES;
				IPHONEOS_DEPLOYMENT_TARGET = 12.1;
				MTL_ENABLE_DEBUG_INFO = INCLUDE_SOURCE;
				MTL_FAST_MATH = YES;
				ONLY_ACTIVE_ARCH = YES;
				SDKROOT = iphoneos;
				SWIFT_ACTIVE_COMPILATION_CONDITIONS = DEBUG;
				SWIFT_OPTIMIZATION_LEVEL = "-Onone";
			};
			name = Debug;
		};
		C1FCCC9721EBA43D0041A797 /* Release */ = {
			isa = XCBuildConfiguration;
			buildSettings = {
				ALWAYS_SEARCH_USER_PATHS = NO;
				CLANG_ANALYZER_NONNULL = YES;
				CLANG_ANALYZER_NUMBER_OBJECT_CONVERSION = YES_AGGRESSIVE;
				CLANG_CXX_LANGUAGE_STANDARD = "gnu++14";
				CLANG_CXX_LIBRARY = "libc++";
				CLANG_ENABLE_MODULES = YES;
				CLANG_ENABLE_OBJC_ARC = YES;
				CLANG_ENABLE_OBJC_WEAK = YES;
				CLANG_WARN_BLOCK_CAPTURE_AUTORELEASING = YES;
				CLANG_WARN_BOOL_CONVERSION = YES;
				CLANG_WARN_COMMA = YES;
				CLANG_WARN_CONSTANT_CONVERSION = YES;
				CLANG_WARN_DEPRECATED_OBJC_IMPLEMENTATIONS = YES;
				CLANG_WARN_DIRECT_OBJC_ISA_USAGE = YES_ERROR;
				CLANG_WARN_DOCUMENTATION_COMMENTS = YES;
				CLANG_WARN_EMPTY_BODY = YES;
				CLANG_WARN_ENUM_CONVERSION = YES;
				CLANG_WARN_INFINITE_RECURSION = YES;
				CLANG_WARN_INT_CONVERSION = YES;
				CLANG_WARN_NON_LITERAL_NULL_CONVERSION = YES;
				CLANG_WARN_OBJC_IMPLICIT_RETAIN_SELF = YES;
				CLANG_WARN_OBJC_LITERAL_CONVERSION = YES;
				CLANG_WARN_OBJC_ROOT_CLASS = YES_ERROR;
				CLANG_WARN_RANGE_LOOP_ANALYSIS = YES;
				CLANG_WARN_STRICT_PROTOTYPES = YES;
				CLANG_WARN_SUSPICIOUS_MOVE = YES;
				CLANG_WARN_UNGUARDED_AVAILABILITY = YES_AGGRESSIVE;
				CLANG_WARN_UNREACHABLE_CODE = YES;
				CLANG_WARN__DUPLICATE_METHOD_MATCH = YES;
				CODE_SIGN_IDENTITY = "iPhone Developer";
				COPY_PHASE_STRIP = NO;
				DEBUG_INFORMATION_FORMAT = "dwarf-with-dsym";
				ENABLE_NS_ASSERTIONS = NO;
				ENABLE_STRICT_OBJC_MSGSEND = YES;
				GCC_C_LANGUAGE_STANDARD = gnu11;
				GCC_NO_COMMON_BLOCKS = YES;
				GCC_WARN_64_TO_32_BIT_CONVERSION = YES;
				GCC_WARN_ABOUT_RETURN_TYPE = YES_ERROR;
				GCC_WARN_UNDECLARED_SELECTOR = YES;
				GCC_WARN_UNINITIALIZED_AUTOS = YES_AGGRESSIVE;
				GCC_WARN_UNUSED_FUNCTION = YES;
				GCC_WARN_UNUSED_VARIABLE = YES;
				IPHONEOS_DEPLOYMENT_TARGET = 12.1;
				MTL_ENABLE_DEBUG_INFO = NO;
				MTL_FAST_MATH = YES;
				SDKROOT = iphoneos;
				SWIFT_COMPILATION_MODE = wholemodule;
				SWIFT_OPTIMIZATION_LEVEL = "-O";
				VALIDATE_PRODUCT = YES;
			};
			name = Release;
		};
		C1FCCC9921EBA43D0041A797 /* Debug */ = {
			isa = XCBuildConfiguration;
			baseConfigurationReference = CA8F8A540904FDDE8B3D0A2C /* Pods-FaceAuth.debug.xcconfig */;
			buildSettings = {
				ASSETCATALOG_COMPILER_APPICON_NAME = AppIcon;
				CODE_SIGN_STYLE = Automatic;
				DEVELOPMENT_TEAM = 648A3N24L8;
				INFOPLIST_FILE = FaceAuth/Info.plist;
				LD_RUNPATH_SEARCH_PATHS = (
					"$(inherited)",
					"@executable_path/Frameworks",
				);
				PRODUCT_BUNDLE_IDENTIFIER = com.orenchuk.FaceAuth;
				PRODUCT_NAME = "$(TARGET_NAME)";
				SWIFT_VERSION = 4.2;
				TARGETED_DEVICE_FAMILY = "1,2";
			};
			name = Debug;
		};
		C1FCCC9A21EBA43D0041A797 /* Release */ = {
			isa = XCBuildConfiguration;
			baseConfigurationReference = 8B031E6F34A85654D5423C5C /* Pods-FaceAuth.release.xcconfig */;
			buildSettings = {
				ASSETCATALOG_COMPILER_APPICON_NAME = AppIcon;
				CODE_SIGN_STYLE = Automatic;
				DEVELOPMENT_TEAM = 648A3N24L8;
				INFOPLIST_FILE = FaceAuth/Info.plist;
				LD_RUNPATH_SEARCH_PATHS = (
					"$(inherited)",
					"@executable_path/Frameworks",
				);
				PRODUCT_BUNDLE_IDENTIFIER = com.orenchuk.FaceAuth;
				PRODUCT_NAME = "$(TARGET_NAME)";
				SWIFT_VERSION = 4.2;
				TARGETED_DEVICE_FAMILY = "1,2";
			};
			name = Release;
		};
/* End XCBuildConfiguration section */

/* Begin XCConfigurationList section */
		C1FCCC8121EBA43B0041A797 /* Build configuration list for PBXProject "FaceAuth" */ = {
			isa = XCConfigurationList;
			buildConfigurations = (
				C1FCCC9621EBA43D0041A797 /* Debug */,
				C1FCCC9721EBA43D0041A797 /* Release */,
			);
			defaultConfigurationIsVisible = 0;
			defaultConfigurationName = Release;
		};
		C1FCCC9821EBA43D0041A797 /* Build configuration list for PBXNativeTarget "FaceAuth" */ = {
			isa = XCConfigurationList;
			buildConfigurations = (
				C1FCCC9921EBA43D0041A797 /* Debug */,
				C1FCCC9A21EBA43D0041A797 /* Release */,
			);
			defaultConfigurationIsVisible = 0;
			defaultConfigurationName = Release;
		};
/* End XCConfigurationList section */
	};
	rootObject = C1FCCC7E21EBA43B0041A797 /* Project object */;
}
